PODS:
  - KoalaTeaAssetPlayer (0.2.1):
    - SwifterSwift (~> 5.0.0)
    - SwiftLint (~> 0.33.0)
  - KoalaTeaAutoLayout (0.1.0):
    - SwiftLint (~> 0.33.0)
  - KoalaTeaVideoEditor (0.1.0):
    - KoalaTeaAssetPlayer (~> 0.2.1)
    - KoalaTeaAutoLayout (~> 0.1.0)
    - SwifterSwift (~> 5.0.0)
    - SwiftLint (~> 0.33.0)
  - Nimble (8.0.2)
  - Quick (2.1.0)
  - SwifterSwift (5.0.0):
    - SwifterSwift/AppKit (= 5.0.0)
    - SwifterSwift/CoreGraphics (= 5.0.0)
    - SwifterSwift/CoreLocation (= 5.0.0)
    - SwifterSwift/Dispatch (= 5.0.0)
    - SwifterSwift/Foundation (= 5.0.0)
    - SwifterSwift/MapKit (= 5.0.0)
    - SwifterSwift/SpriteKit (= 5.0.0)
    - SwifterSwift/SwiftStdlib (= 5.0.0)
    - SwifterSwift/UIKit (= 5.0.0)
  - SwifterSwift/AppKit (5.0.0)
  - SwifterSwift/CoreGraphics (5.0.0)
  - SwifterSwift/CoreLocation (5.0.0)
  - SwifterSwift/Dispatch (5.0.0)
  - SwifterSwift/Foundation (5.0.0)
  - SwifterSwift/MapKit (5.0.0)
  - SwifterSwift/SpriteKit (5.0.0)
  - SwifterSwift/SwiftStdlib (5.0.0)
  - SwifterSwift/UIKit (5.0.0)
  - SwiftLint (0.33.1)

DEPENDENCIES:
  - KoalaTeaVideoEditor (from `../`)
  - Nimble (~> 8.0.2)
  - Quick (~> 2.1.0)

SPEC REPOS:
  https://github.com/cocoapods/specs.git:
    - KoalaTeaAssetPlayer
    - KoalaTeaAutoLayout
    - Nimble
    - Quick
    - SwifterSwift
    - SwiftLint

EXTERNAL SOURCES:
  KoalaTeaVideoEditor:
    :path: "../"

SPEC CHECKSUMS:
  KoalaTeaAssetPlayer: 1b7d5ebe63f726c7a7f439922d5f09b8783f1a1e
  KoalaTeaAutoLayout: 241ee96d96d82bee6d6e5aebbbf2d30022f9e51f
  KoalaTeaVideoEditor: e6152fe9b0beab9b83ade8205225307095fd23a1
  Nimble: 622629381bda1dd5678162f21f1368cec7cbba60
  Quick: 4be43f6634acfa727dd106bdf3929ce125ffa79d
  SwifterSwift: 96f90594b370802f01647c2b1229c74a84ffafee
  SwiftLint: 9fc1143bbacec37f94994a7d0d2a85b2154b6294

PODFILE CHECKSUM: 78f7241a59fd3c3fc41a88676dabf27bdcab123f

COCOAPODS: 1.7.5
